// !$*UTF8*$!
{
	archiveVersion = 1;
	classes = {
	};
	objectVersion = 56;
	objects = {

/* Begin PBXBuildFile section */
		FD41CE5C2A6D3C0F000DAE3E /* ContactTableViewCell.swift in Sources */ = {isa = PBXBuildFile; fileRef = FD41CE5B2A6D3C0E000DAE3E /* ContactTableViewCell.swift */; };
		FD41CE5E2A6D81FB000DAE3E /* PickerViewController.swift in Sources */ = {isa = PBXBuildFile; fileRef = FD41CE5D2A6D81FB000DAE3E /* PickerViewController.swift */; };
		FD41CE612A6D824F000DAE3E /* PickerViewController.storyboard in Resources */ = {isa = PBXBuildFile; fileRef = FD41CE602A6D824F000DAE3E /* PickerViewController.storyboard */; };
		FD41CE642A6DC97D000DAE3E /* InfoViewController.swift in Sources */ = {isa = PBXBuildFile; fileRef = FD41CE632A6DC97D000DAE3E /* InfoViewController.swift */; };
		FD41CE662A6DC98D000DAE3E /* InfoViewController.storyboard in Resources */ = {isa = PBXBuildFile; fileRef = FD41CE652A6DC98D000DAE3E /* InfoViewController.storyboard */; };
		FD7C039A2A6BEE5B00412613 /* AppDelegate.swift in Sources */ = {isa = PBXBuildFile; fileRef = FD7C03992A6BEE5B00412613 /* AppDelegate.swift */; };
		FD7C039C2A6BEE5B00412613 /* SceneDelegate.swift in Sources */ = {isa = PBXBuildFile; fileRef = FD7C039B2A6BEE5B00412613 /* SceneDelegate.swift */; };
		FD7C039E2A6BEE5B00412613 /* ViewController.swift in Sources */ = {isa = PBXBuildFile; fileRef = FD7C039D2A6BEE5B00412613 /* ViewController.swift */; };
		FD7C03A32A6BEE5C00412613 /* Assets.xcassets in Resources */ = {isa = PBXBuildFile; fileRef = FD7C03A22A6BEE5C00412613 /* Assets.xcassets */; };
		FD7C03A62A6BEE5C00412613 /* LaunchScreen.storyboard in Resources */ = {isa = PBXBuildFile; fileRef = FD7C03A42A6BEE5C00412613 /* LaunchScreen.storyboard */; };
		FD7C03B12A6BEE5C00412613 /* ContactAppTests.swift in Sources */ = {isa = PBXBuildFile; fileRef = FD7C03B02A6BEE5C00412613 /* ContactAppTests.swift */; };
		FD7C03BB2A6BEE5C00412613 /* ContactAppUITests.swift in Sources */ = {isa = PBXBuildFile; fileRef = FD7C03BA2A6BEE5C00412613 /* ContactAppUITests.swift */; };
		FD7C03BD2A6BEE5C00412613 /* ContactAppUITestsLaunchTests.swift in Sources */ = {isa = PBXBuildFile; fileRef = FD7C03BC2A6BEE5C00412613 /* ContactAppUITestsLaunchTests.swift */; };
		FD7C03CB2A6BEF1900412613 /* MainViewController.swift in Sources */ = {isa = PBXBuildFile; fileRef = FD7C03CA2A6BEF1900412613 /* MainViewController.swift */; };
		FD7C03CD2A6BEF5700412613 /* MainViewController.storyboard in Resources */ = {isa = PBXBuildFile; fileRef = FD7C03CC2A6BEF5700412613 /* MainViewController.storyboard */; };
		FDEAE3AA2A6E852D00589D9E /* InfoViewControllerCell.swift in Sources */ = {isa = PBXBuildFile; fileRef = FDEAE3A92A6E852D00589D9E /* InfoViewControllerCell.swift */; };
/* End PBXBuildFile section */

/* Begin PBXContainerItemProxy section */
		FD7C03AD2A6BEE5C00412613 /* PBXContainerItemProxy */ = {
			isa = PBXContainerItemProxy;
			containerPortal = FD7C038E2A6BEE5B00412613 /* Project object */;
			proxyType = 1;
			remoteGlobalIDString = FD7C03952A6BEE5B00412613;
			remoteInfo = ContactApp;
		};
		FD7C03B72A6BEE5C00412613 /* PBXContainerItemProxy */ = {
			isa = PBXContainerItemProxy;
			containerPortal = FD7C038E2A6BEE5B00412613 /* Project object */;
			proxyType = 1;
			remoteGlobalIDString = FD7C03952A6BEE5B00412613;
			remoteInfo = ContactApp;
		};
/* End PBXContainerItemProxy section */

/* Begin PBXFileReference section */
		FD41CE5B2A6D3C0E000DAE3E /* ContactTableViewCell.swift */ = {isa = PBXFileReference; lastKnownFileType = sourcecode.swift; path = ContactTableViewCell.swift; sourceTree = "<group>"; };
		FD41CE5D2A6D81FB000DAE3E /* PickerViewController.swift */ = {isa = PBXFileReference; lastKnownFileType = sourcecode.swift; path = PickerViewController.swift; sourceTree = "<group>"; };
		FD41CE602A6D824F000DAE3E /* PickerViewController.storyboard */ = {isa = PBXFileReference; lastKnownFileType = file.storyboard; path = PickerViewController.storyboard; sourceTree = "<group>"; };
		FD41CE632A6DC97D000DAE3E /* InfoViewController.swift */ = {isa = PBXFileReference; lastKnownFileType = sourcecode.swift; path = InfoViewController.swift; sourceTree = "<group>"; };
		FD41CE652A6DC98D000DAE3E /* InfoViewController.storyboard */ = {isa = PBXFileReference; lastKnownFileType = file.storyboard; path = InfoViewController.storyboard; sourceTree = "<group>"; };
		FD7C03962A6BEE5B00412613 /* ContactApp.app */ = {isa = PBXFileReference; explicitFileType = wrapper.application; includeInIndex = 0; path = ContactApp.app; sourceTree = BUILT_PRODUCTS_DIR; };
		FD7C03992A6BEE5B00412613 /* AppDelegate.swift */ = {isa = PBXFileReference; lastKnownFileType = sourcecode.swift; path = AppDelegate.swift; sourceTree = "<group>"; };
		FD7C039B2A6BEE5B00412613 /* SceneDelegate.swift */ = {isa = PBXFileReference; lastKnownFileType = sourcecode.swift; path = SceneDelegate.swift; sourceTree = "<group>"; };
		FD7C039D2A6BEE5B00412613 /* ViewController.swift */ = {isa = PBXFileReference; lastKnownFileType = sourcecode.swift; path = ViewController.swift; sourceTree = "<group>"; };
		FD7C03A22A6BEE5C00412613 /* Assets.xcassets */ = {isa = PBXFileReference; lastKnownFileType = folder.assetcatalog; path = Assets.xcassets; sourceTree = "<group>"; };
		FD7C03A52A6BEE5C00412613 /* Base */ = {isa = PBXFileReference; lastKnownFileType = file.storyboard; name = Base; path = Base.lproj/LaunchScreen.storyboard; sourceTree = "<group>"; };
		FD7C03A72A6BEE5C00412613 /* Info.plist */ = {isa = PBXFileReference; lastKnownFileType = text.plist.xml; path = Info.plist; sourceTree = "<group>"; };
		FD7C03AC2A6BEE5C00412613 /* ContactAppTests.xctest */ = {isa = PBXFileReference; explicitFileType = wrapper.cfbundle; includeInIndex = 0; path = ContactAppTests.xctest; sourceTree = BUILT_PRODUCTS_DIR; };
		FD7C03B02A6BEE5C00412613 /* ContactAppTests.swift */ = {isa = PBXFileReference; lastKnownFileType = sourcecode.swift; path = ContactAppTests.swift; sourceTree = "<group>"; };
		FD7C03B62A6BEE5C00412613 /* ContactAppUITests.xctest */ = {isa = PBXFileReference; explicitFileType = wrapper.cfbundle; includeInIndex = 0; path = ContactAppUITests.xctest; sourceTree = BUILT_PRODUCTS_DIR; };
		FD7C03BA2A6BEE5C00412613 /* ContactAppUITests.swift */ = {isa = PBXFileReference; lastKnownFileType = sourcecode.swift; path = ContactAppUITests.swift; sourceTree = "<group>"; };
		FD7C03BC2A6BEE5C00412613 /* ContactAppUITestsLaunchTests.swift */ = {isa = PBXFileReference; lastKnownFileType = sourcecode.swift; path = ContactAppUITestsLaunchTests.swift; sourceTree = "<group>"; };
		FD7C03CA2A6BEF1900412613 /* MainViewController.swift */ = {isa = PBXFileReference; lastKnownFileType = sourcecode.swift; path = MainViewController.swift; sourceTree = "<group>"; };
		FD7C03CC2A6BEF5700412613 /* MainViewController.storyboard */ = {isa = PBXFileReference; lastKnownFileType = file.storyboard; path = MainViewController.storyboard; sourceTree = "<group>"; };
		FDEAE3A92A6E852D00589D9E /* InfoViewControllerCell.swift */ = {isa = PBXFileReference; lastKnownFileType = sourcecode.swift; path = InfoViewControllerCell.swift; sourceTree = "<group>"; };
/* End PBXFileReference section */

/* Begin PBXFrameworksBuildPhase section */
		FD7C03932A6BEE5B00412613 /* Frameworks */ = {
			isa = PBXFrameworksBuildPhase;
			buildActionMask = 2147483647;
			files = (
			);
			runOnlyForDeploymentPostprocessing = 0;
		};
		FD7C03A92A6BEE5C00412613 /* Frameworks */ = {
			isa = PBXFrameworksBuildPhase;
			buildActionMask = 2147483647;
			files = (
			);
			runOnlyForDeploymentPostprocessing = 0;
		};
		FD7C03B32A6BEE5C00412613 /* Frameworks */ = {
			isa = PBXFrameworksBuildPhase;
			buildActionMask = 2147483647;
			files = (
			);
			runOnlyForDeploymentPostprocessing = 0;
		};
/* End PBXFrameworksBuildPhase section */

/* Begin PBXGroup section */
		FD41CE622A6DC952000DAE3E /* Info Page */ = {
			isa = PBXGroup;
			children = (
				FD41CE632A6DC97D000DAE3E /* InfoViewController.swift */,
				FD41CE652A6DC98D000DAE3E /* InfoViewController.storyboard */,
				FDEAE3A92A6E852D00589D9E /* InfoViewControllerCell.swift */,
			);
			path = "Info Page";
			sourceTree = "<group>";
		};
		FD7C038D2A6BEE5B00412613 = {
			isa = PBXGroup;
			children = (
				FD7C03982A6BEE5B00412613 /* ContactApp */,
				FD7C03AF2A6BEE5C00412613 /* ContactAppTests */,
				FD7C03B92A6BEE5C00412613 /* ContactAppUITests */,
				FD7C03972A6BEE5B00412613 /* Products */,
			);
			sourceTree = "<group>";
		};
		FD7C03972A6BEE5B00412613 /* Products */ = {
			isa = PBXGroup;
			children = (
				FD7C03962A6BEE5B00412613 /* ContactApp.app */,
				FD7C03AC2A6BEE5C00412613 /* ContactAppTests.xctest */,
				FD7C03B62A6BEE5C00412613 /* ContactAppUITests.xctest */,
			);
			name = Products;
			sourceTree = "<group>";
		};
		FD7C03982A6BEE5B00412613 /* ContactApp */ = {
			isa = PBXGroup;
			children = (
				FD41CE622A6DC952000DAE3E /* Info Page */,
				FD7C03C92A6BEF0000412613 /* Main Page */,
				FD7C03992A6BEE5B00412613 /* AppDelegate.swift */,
				FD7C039B2A6BEE5B00412613 /* SceneDelegate.swift */,
				FD7C039D2A6BEE5B00412613 /* ViewController.swift */,
				FD7C03A22A6BEE5C00412613 /* Assets.xcassets */,
				FD7C03A42A6BEE5C00412613 /* LaunchScreen.storyboard */,
				FD7C03A72A6BEE5C00412613 /* Info.plist */,
			);
			path = ContactApp;
			sourceTree = "<group>";
		};
		FD7C03AF2A6BEE5C00412613 /* ContactAppTests */ = {
			isa = PBXGroup;
			children = (
				FD7C03B02A6BEE5C00412613 /* ContactAppTests.swift */,
			);
			path = ContactAppTests;
			sourceTree = "<group>";
		};
		FD7C03B92A6BEE5C00412613 /* ContactAppUITests */ = {
			isa = PBXGroup;
			children = (
				FD7C03BA2A6BEE5C00412613 /* ContactAppUITests.swift */,
				FD7C03BC2A6BEE5C00412613 /* ContactAppUITestsLaunchTests.swift */,
			);
			path = ContactAppUITests;
			sourceTree = "<group>";
		};
		FD7C03C92A6BEF0000412613 /* Main Page */ = {
			isa = PBXGroup;
			children = (
				FD7C03CA2A6BEF1900412613 /* MainViewController.swift */,
				FD41CE5B2A6D3C0E000DAE3E /* ContactTableViewCell.swift */,
				FD7C03CC2A6BEF5700412613 /* MainViewController.storyboard */,
				FD41CE5D2A6D81FB000DAE3E /* PickerViewController.swift */,
				FD41CE602A6D824F000DAE3E /* PickerViewController.storyboard */,
			);
			path = "Main Page";
			sourceTree = "<group>";
		};
/* End PBXGroup section */

/* Begin PBXNativeTarget section */
		FD7C03952A6BEE5B00412613 /* ContactApp */ = {
			isa = PBXNativeTarget;
			buildConfigurationList = FD7C03C02A6BEE5C00412613 /* Build configuration list for PBXNativeTarget "ContactApp" */;
			buildPhases = (
				FD7C03922A6BEE5B00412613 /* Sources */,
				FD7C03932A6BEE5B00412613 /* Frameworks */,
				FD7C03942A6BEE5B00412613 /* Resources */,
			);
			buildRules = (
			);
			dependencies = (
			);
			name = ContactApp;
			productName = ContactApp;
			productReference = FD7C03962A6BEE5B00412613 /* ContactApp.app */;
			productType = "com.apple.product-type.application";
		};
		FD7C03AB2A6BEE5C00412613 /* ContactAppTests */ = {
			isa = PBXNativeTarget;
			buildConfigurationList = FD7C03C32A6BEE5C00412613 /* Build configuration list for PBXNativeTarget "ContactAppTests" */;
			buildPhases = (
				FD7C03A82A6BEE5C00412613 /* Sources */,
				FD7C03A92A6BEE5C00412613 /* Frameworks */,
				FD7C03AA2A6BEE5C00412613 /* Resources */,
			);
			buildRules = (
			);
			dependencies = (
				FD7C03AE2A6BEE5C00412613 /* PBXTargetDependency */,
			);
			name = ContactAppTests;
			productName = ContactAppTests;
			productReference = FD7C03AC2A6BEE5C00412613 /* ContactAppTests.xctest */;
			productType = "com.apple.product-type.bundle.unit-test";
		};
		FD7C03B52A6BEE5C00412613 /* ContactAppUITests */ = {
			isa = PBXNativeTarget;
			buildConfigurationList = FD7C03C62A6BEE5C00412613 /* Build configuration list for PBXNativeTarget "ContactAppUITests" */;
			buildPhases = (
				FD7C03B22A6BEE5C00412613 /* Sources */,
				FD7C03B32A6BEE5C00412613 /* Frameworks */,
				FD7C03B42A6BEE5C00412613 /* Resources */,
			);
			buildRules = (
			);
			dependencies = (
				FD7C03B82A6BEE5C00412613 /* PBXTargetDependency */,
			);
			name = ContactAppUITests;
			productName = ContactAppUITests;
			productReference = FD7C03B62A6BEE5C00412613 /* ContactAppUITests.xctest */;
			productType = "com.apple.product-type.bundle.ui-testing";
		};
/* End PBXNativeTarget section */

/* Begin PBXProject section */
		FD7C038E2A6BEE5B00412613 /* Project object */ = {
			isa = PBXProject;
			attributes = {
				BuildIndependentTargetsInParallel = 1;
				LastSwiftUpdateCheck = 1420;
				LastUpgradeCheck = 1420;
				TargetAttributes = {
					FD7C03952A6BEE5B00412613 = {
						CreatedOnToolsVersion = 14.2;
					};
					FD7C03AB2A6BEE5C00412613 = {
						CreatedOnToolsVersion = 14.2;
						TestTargetID = FD7C03952A6BEE5B00412613;
					};
					FD7C03B52A6BEE5C00412613 = {
						CreatedOnToolsVersion = 14.2;
						TestTargetID = FD7C03952A6BEE5B00412613;
					};
				};
			};
			buildConfigurationList = FD7C03912A6BEE5B00412613 /* Build configuration list for PBXProject "ContactApp" */;
			compatibilityVersion = "Xcode 14.0";
			developmentRegion = en;
			hasScannedForEncodings = 0;
			knownRegions = (
				en,
				Base,
			);
			mainGroup = FD7C038D2A6BEE5B00412613;
			productRefGroup = FD7C03972A6BEE5B00412613 /* Products */;
			projectDirPath = "";
			projectRoot = "";
			targets = (
				FD7C03952A6BEE5B00412613 /* ContactApp */,
				FD7C03AB2A6BEE5C00412613 /* ContactAppTests */,
				FD7C03B52A6BEE5C00412613 /* ContactAppUITests */,
			);
		};
/* End PBXProject section */

/* Begin PBXResourcesBuildPhase section */
		FD7C03942A6BEE5B00412613 /* Resources */ = {
			isa = PBXResourcesBuildPhase;
			buildActionMask = 2147483647;
			files = (
				FD7C03A62A6BEE5C00412613 /* LaunchScreen.storyboard in Resources */,
				FD7C03CD2A6BEF5700412613 /* MainViewController.storyboard in Resources */,
				FD7C03A32A6BEE5C00412613 /* Assets.xcassets in Resources */,
				FD41CE662A6DC98D000DAE3E /* InfoViewController.storyboard in Resources */,
				FD41CE612A6D824F000DAE3E /* PickerViewController.storyboard in Resources */,
			);
			runOnlyForDeploymentPostprocessing = 0;
		};
		FD7C03AA2A6BEE5C00412613 /* Resources */ = {
			isa = PBXResourcesBuildPhase;
			buildActionMask = 2147483647;
			files = (
			);
			runOnlyForDeploymentPostprocessing = 0;
		};
		FD7C03B42A6BEE5C00412613 /* Resources */ = {
			isa = PBXResourcesBuildPhase;
			buildActionMask = 2147483647;
			files = (
			);
			runOnlyForDeploymentPostprocessing = 0;
		};
/* End PBXResourcesBuildPhase section */

/* Begin PBXSourcesBuildPhase section */
		FD7C03922A6BEE5B00412613 /* Sources */ = {
			isa = PBXSourcesBuildPhase;
			buildActionMask = 2147483647;
			files = (
				FD41CE5E2A6D81FB000DAE3E /* PickerViewController.swift in Sources */,
				FD7C039E2A6BEE5B00412613 /* ViewController.swift in Sources */,
				FDEAE3AA2A6E852D00589D9E /* InfoViewControllerCell.swift in Sources */,
				FD41CE5C2A6D3C0F000DAE3E /* ContactTableViewCell.swift in Sources */,
				FD41CE642A6DC97D000DAE3E /* InfoViewController.swift in Sources */,
				FD7C039A2A6BEE5B00412613 /* AppDelegate.swift in Sources */,
				FD7C039C2A6BEE5B00412613 /* SceneDelegate.swift in Sources */,
				FD7C03CB2A6BEF1900412613 /* MainViewController.swift in Sources */,
			);
			runOnlyForDeploymentPostprocessing = 0;
		};
		FD7C03A82A6BEE5C00412613 /* Sources */ = {
			isa = PBXSourcesBuildPhase;
			buildActionMask = 2147483647;
			files = (
				FD7C03B12A6BEE5C00412613 /* ContactAppTests.swift in Sources */,
			);
			runOnlyForDeploymentPostprocessing = 0;
		};
		FD7C03B22A6BEE5C00412613 /* Sources */ = {
			isa = PBXSourcesBuildPhase;
			buildActionMask = 2147483647;
			files = (
				FD7C03BB2A6BEE5C00412613 /* ContactAppUITests.swift in Sources */,
				FD7C03BD2A6BEE5C00412613 /* ContactAppUITestsLaunchTests.swift in Sources */,
			);
			runOnlyForDeploymentPostprocessing = 0;
		};
/* End PBXSourcesBuildPhase section */

/* Begin PBXTargetDependency section */
		FD7C03AE2A6BEE5C00412613 /* PBXTargetDependency */ = {
			isa = PBXTargetDependency;
			target = FD7C03952A6BEE5B00412613 /* ContactApp */;
			targetProxy = FD7C03AD2A6BEE5C00412613 /* PBXContainerItemProxy */;
		};
		FD7C03B82A6BEE5C00412613 /* PBXTargetDependency */ = {
			isa = PBXTargetDependency;
			target = FD7C03952A6BEE5B00412613 /* ContactApp */;
			targetProxy = FD7C03B72A6BEE5C00412613 /* PBXContainerItemProxy */;
		};
/* End PBXTargetDependency section */

/* Begin PBXVariantGroup section */
		FD7C03A42A6BEE5C00412613 /* LaunchScreen.storyboard */ = {
			isa = PBXVariantGroup;
			children = (
				FD7C03A52A6BEE5C00412613 /* Base */,
			);
			name = LaunchScreen.storyboard;
			sourceTree = "<group>";
		};
/* End PBXVariantGroup section */

/* Begin XCBuildConfiguration section */
		FD7C03BE2A6BEE5C00412613 /* Debug */ = {
			isa = XCBuildConfiguration;
			buildSettings = {
				ALWAYS_SEARCH_USER_PATHS = NO;
				CLANG_ANALYZER_NONNULL = YES;
				CLANG_ANALYZER_NUMBER_OBJECT_CONVERSION = YES_AGGRESSIVE;
				CLANG_CXX_LANGUAGE_STANDARD = "gnu++20";
				CLANG_ENABLE_MODULES = YES;
				CLANG_ENABLE_OBJC_ARC = YES;
				CLANG_ENABLE_OBJC_WEAK = YES;
				CLANG_WARN_BLOCK_CAPTURE_AUTORELEASING = YES;
				CLANG_WARN_BOOL_CONVERSION = YES;
				CLANG_WARN_COMMA = YES;
				CLANG_WARN_CONSTANT_CONVERSION = YES;
				CLANG_WARN_DEPRECATED_OBJC_IMPLEMENTATIONS = YES;
				CLANG_WARN_DIRECT_OBJC_ISA_USAGE = YES_ERROR;
				CLANG_WARN_DOCUMENTATION_COMMENTS = YES;
				CLANG_WARN_EMPTY_BODY = YES;
				CLANG_WARN_ENUM_CONVERSION = YES;
				CLANG_WARN_INFINITE_RECURSION = YES;
				CLANG_WARN_INT_CONVERSION = YES;
				CLANG_WARN_NON_LITERAL_NULL_CONVERSION = YES;
				CLANG_WARN_OBJC_IMPLICIT_RETAIN_SELF = YES;
				CLANG_WARN_OBJC_LITERAL_CONVERSION = YES;
				CLANG_WARN_OBJC_ROOT_CLASS = YES_ERROR;
				CLANG_WARN_QUOTED_INCLUDE_IN_FRAMEWORK_HEADER = YES;
				CLANG_WARN_RANGE_LOOP_ANALYSIS = YES;
				CLANG_WARN_STRICT_PROTOTYPES = YES;
				CLANG_WARN_SUSPICIOUS_MOVE = YES;
				CLANG_WARN_UNGUARDED_AVAILABILITY = YES_AGGRESSIVE;
				CLANG_WARN_UNREACHABLE_CODE = YES;
				CLANG_WARN__DUPLICATE_METHOD_MATCH = YES;
				COPY_PHASE_STRIP = NO;
				DEBUG_INFORMATION_FORMAT = dwarf;
				ENABLE_STRICT_OBJC_MSGSEND = YES;
				ENABLE_TESTABILITY = YES;
				GCC_C_LANGUAGE_STANDARD = gnu11;
				GCC_DYNAMIC_NO_PIC = NO;
				GCC_NO_COMMON_BLOCKS = YES;
				GCC_OPTIMIZATION_LEVEL = 0;
				GCC_PREPROCESSOR_DEFINITIONS = (
					"DEBUG=1",
					"$(inherited)",
				);
				GCC_WARN_64_TO_32_BIT_CONVERSION = YES;
				GCC_WARN_ABOUT_RETURN_TYPE = YES_ERROR;
				GCC_WARN_UNDECLARED_SELECTOR = YES;
				GCC_WARN_UNINITIALIZED_AUTOS = YES_AGGRESSIVE;
				GCC_WARN_UNUSED_FUNCTION = YES;
				GCC_WARN_UNUSED_VARIABLE = YES;
				IPHONEOS_DEPLOYMENT_TARGET = 16.2;
				MTL_ENABLE_DEBUG_INFO = INCLUDE_SOURCE;
				MTL_FAST_MATH = YES;
				ONLY_ACTIVE_ARCH = YES;
				SDKROOT = iphoneos;
				SWIFT_ACTIVE_COMPILATION_CONDITIONS = DEBUG;
				SWIFT_OPTIMIZATION_LEVEL = "-Onone";
			};
			name = Debug;
		};
		FD7C03BF2A6BEE5C00412613 /* Release */ = {
			isa = XCBuildConfiguration;
			buildSettings = {
				ALWAYS_SEARCH_USER_PATHS = NO;
				CLANG_ANALYZER_NONNULL = YES;
				CLANG_ANALYZER_NUMBER_OBJECT_CONVERSION = YES_AGGRESSIVE;
				CLANG_CXX_LANGUAGE_STANDARD = "gnu++20";
				CLANG_ENABLE_MODULES = YES;
				CLANG_ENABLE_OBJC_ARC = YES;
				CLANG_ENABLE_OBJC_WEAK = YES;
				CLANG_WARN_BLOCK_CAPTURE_AUTORELEASING = YES;
				CLANG_WARN_BOOL_CONVERSION = YES;
				CLANG_WARN_COMMA = YES;
				CLANG_WARN_CONSTANT_CONVERSION = YES;
				CLANG_WARN_DEPRECATED_OBJC_IMPLEMENTATIONS = YES;
				CLANG_WARN_DIRECT_OBJC_ISA_USAGE = YES_ERROR;
				CLANG_WARN_DOCUMENTATION_COMMENTS = YES;
				CLANG_WARN_EMPTY_BODY = YES;
				CLANG_WARN_ENUM_CONVERSION = YES;
				CLANG_WARN_INFINITE_RECURSION = YES;
				CLANG_WARN_INT_CONVERSION = YES;
				CLANG_WARN_NON_LITERAL_NULL_CONVERSION = YES;
				CLANG_WARN_OBJC_IMPLICIT_RETAIN_SELF = YES;
				CLANG_WARN_OBJC_LITERAL_CONVERSION = YES;
				CLANG_WARN_OBJC_ROOT_CLASS = YES_ERROR;
				CLANG_WARN_QUOTED_INCLUDE_IN_FRAMEWORK_HEADER = YES;
				CLANG_WARN_RANGE_LOOP_ANALYSIS = YES;
				CLANG_WARN_STRICT_PROTOTYPES = YES;
				CLANG_WARN_SUSPICIOUS_MOVE = YES;
				CLANG_WARN_UNGUARDED_AVAILABILITY = YES_AGGRESSIVE;
				CLANG_WARN_UNREACHABLE_CODE = YES;
				CLANG_WARN__DUPLICATE_METHOD_MATCH = YES;
				COPY_PHASE_STRIP = NO;
				DEBUG_INFORMATION_FORMAT = "dwarf-with-dsym";
				ENABLE_NS_ASSERTIONS = NO;
				ENABLE_STRICT_OBJC_MSGSEND = YES;
				GCC_C_LANGUAGE_STANDARD = gnu11;
				GCC_NO_COMMON_BLOCKS = YES;
				GCC_WARN_64_TO_32_BIT_CONVERSION = YES;
				GCC_WARN_ABOUT_RETURN_TYPE = YES_ERROR;
				GCC_WARN_UNDECLARED_SELECTOR = YES;
				GCC_WARN_UNINITIALIZED_AUTOS = YES_AGGRESSIVE;
				GCC_WARN_UNUSED_FUNCTION = YES;
				GCC_WARN_UNUSED_VARIABLE = YES;
				IPHONEOS_DEPLOYMENT_TARGET = 16.2;
				MTL_ENABLE_DEBUG_INFO = NO;
				MTL_FAST_MATH = YES;
				SDKROOT = iphoneos;
				SWIFT_COMPILATION_MODE = wholemodule;
				SWIFT_OPTIMIZATION_LEVEL = "-O";
				VALIDATE_PRODUCT = YES;
			};
			name = Release;
		};
		FD7C03C12A6BEE5C00412613 /* Debug */ = {
			isa = XCBuildConfiguration;
			buildSettings = {
				ASSETCATALOG_COMPILER_APPICON_NAME = AppIcon;
				ASSETCATALOG_COMPILER_GLOBAL_ACCENT_COLOR_NAME = AccentColor;
				CODE_SIGN_STYLE = Automatic;
				CURRENT_PROJECT_VERSION = 1;
				DEVELOPMENT_TEAM = ULQCGGLN69;
				GENERATE_INFOPLIST_FILE = YES;
				INFOPLIST_FILE = ContactApp/Info.plist;
				INFOPLIST_KEY_UIApplicationSupportsIndirectInputEvents = YES;
				INFOPLIST_KEY_UILaunchStoryboardName = LaunchScreen;
				INFOPLIST_KEY_UISupportedInterfaceOrientations_iPad = "UIInterfaceOrientationPortrait UIInterfaceOrientationPortraitUpsideDown UIInterfaceOrientationLandscapeLeft UIInterfaceOrientationLandscapeRight";
				INFOPLIST_KEY_UISupportedInterfaceOrientations_iPhone = "UIInterfaceOrientationPortrait UIInterfaceOrientationLandscapeLeft UIInterfaceOrientationLandscapeRight";
				LD_RUNPATH_SEARCH_PATHS = (
					"$(inherited)",
					"@executable_path/Frameworks",
				);
				MARKETING_VERSION = 1.0;
				PRODUCT_BUNDLE_IDENTIFIER = com.mervenurnerkis.ContactApp;
				PRODUCT_NAME = "$(TARGET_NAME)";
				SWIFT_EMIT_LOC_STRINGS = YES;
				SWIFT_VERSION = 5.0;
				TARGETED_DEVICE_FAMILY = "1,2";
			};
			name = Debug;
		};
		FD7C03C22A6BEE5C00412613 /* Release */ = {
			isa = XCBuildConfiguration;
			buildSettings = {
				ASSETCATALOG_COMPILER_APPICON_NAME = AppIcon;
				ASSETCATALOG_COMPILER_GLOBAL_ACCENT_COLOR_NAME = AccentColor;
				CODE_SIGN_STYLE = Automatic;
				CURRENT_PROJECT_VERSION = 1;
				DEVELOPMENT_TEAM = ULQCGGLN69;
				GENERATE_INFOPLIST_FILE = YES;
				INFOPLIST_FILE = ContactApp/Info.plist;
				INFOPLIST_KEY_UIApplicationSupportsIndirectInputEvents = YES;
				INFOPLIST_KEY_UILaunchStoryboardName = LaunchScreen;
				INFOPLIST_KEY_UISupportedInterfaceOrientations_iPad = "UIInterfaceOrientationPortrait UIInterfaceOrientationPortraitUpsideDown UIInterfaceOrientationLandscapeLeft UIInterfaceOrientationLandscapeRight";
				INFOPLIST_KEY_UISupportedInterfaceOrientations_iPhone = "UIInterfaceOrientationPortrait UIInterfaceOrientationLandscapeLeft UIInterfaceOrientationLandscapeRight";
				LD_RUNPATH_SEARCH_PATHS = (
					"$(inherited)",
					"@executable_path/Frameworks",
				);
				MARKETING_VERSION = 1.0;
				PRODUCT_BUNDLE_IDENTIFIER = com.mervenurnerkis.ContactApp;
				PRODUCT_NAME = "$(TARGET_NAME)";
				SWIFT_EMIT_LOC_STRINGS = YES;
				SWIFT_VERSION = 5.0;
				TARGETED_DEVICE_FAMILY = "1,2";
			};
			name = Release;
		};
		FD7C03C42A6BEE5C00412613 /* Debug */ = {
			isa = XCBuildConfiguration;
			buildSettings = {
				ALWAYS_EMBED_SWIFT_STANDARD_LIBRARIES = YES;
				BUNDLE_LOADER = "$(TEST_HOST)";
				CODE_SIGN_STYLE = Automatic;
				CURRENT_PROJECT_VERSION = 1;
				DEVELOPMENT_TEAM = ULQCGGLN69;
				GENERATE_INFOPLIST_FILE = YES;
				IPHONEOS_DEPLOYMENT_TARGET = 16.2;
				MARKETING_VERSION = 1.0;
				PRODUCT_BUNDLE_IDENTIFIER = com.mervenurnerkis.ContactAppTests;
				PRODUCT_NAME = "$(TARGET_NAME)";
				SWIFT_EMIT_LOC_STRINGS = NO;
				SWIFT_VERSION = 5.0;
				TARGETED_DEVICE_FAMILY = "1,2";
				TEST_HOST = "$(BUILT_PRODUCTS_DIR)/ContactApp.app/$(BUNDLE_EXECUTABLE_FOLDER_PATH)/ContactApp";
			};
			name = Debug;
		};
		FD7C03C52A6BEE5C00412613 /* Release */ = {
			isa = XCBuildConfiguration;
			buildSettings = {
				ALWAYS_EMBED_SWIFT_STANDARD_LIBRARIES = YES;
				BUNDLE_LOADER = "$(TEST_HOST)";
				CODE_SIGN_STYLE = Automatic;
				CURRENT_PROJECT_VERSION = 1;
				DEVELOPMENT_TEAM = ULQCGGLN69;
				GENERATE_INFOPLIST_FILE = YES;
				IPHONEOS_DEPLOYMENT_TARGET = 16.2;
				MARKETING_VERSION = 1.0;
				PRODUCT_BUNDLE_IDENTIFIER = com.mervenurnerkis.ContactAppTests;
				PRODUCT_NAME = "$(TARGET_NAME)";
				SWIFT_EMIT_LOC_STRINGS = NO;
				SWIFT_VERSION = 5.0;
				TARGETED_DEVICE_FAMILY = "1,2";
				TEST_HOST = "$(BUILT_PRODUCTS_DIR)/ContactApp.app/$(BUNDLE_EXECUTABLE_FOLDER_PATH)/ContactApp";
			};
			name = Release;
		};
		FD7C03C72A6BEE5C00412613 /* Debug */ = {
			isa = XCBuildConfiguration;
			buildSettings = {
				ALWAYS_EMBED_SWIFT_STANDARD_LIBRARIES = YES;
				CODE_SIGN_STYLE = Automatic;
				CURRENT_PROJECT_VERSION = 1;
				DEVELOPMENT_TEAM = ULQCGGLN69;
				GENERATE_INFOPLIST_FILE = YES;
				MARKETING_VERSION = 1.0;
				PRODUCT_BUNDLE_IDENTIFIER = com.mervenurnerkis.ContactAppUITests;
				PRODUCT_NAME = "$(TARGET_NAME)";
				SWIFT_EMIT_LOC_STRINGS = NO;
				SWIFT_VERSION = 5.0;
				TARGETED_DEVICE_FAMILY = "1,2";
				TEST_TARGET_NAME = ContactApp;
			};
			name = Debug;
		};
		FD7C03C82A6BEE5C00412613 /* Release */ = {
			isa = XCBuildConfiguration;
			buildSettings = {
				ALWAYS_EMBED_SWIFT_STANDARD_LIBRARIES = YES;
				CODE_SIGN_STYLE = Automatic;
				CURRENT_PROJECT_VERSION = 1;
				DEVELOPMENT_TEAM = ULQCGGLN69;
				GENERATE_INFOPLIST_FILE = YES;
				MARKETING_VERSION = 1.0;
				PRODUCT_BUNDLE_IDENTIFIER = com.mervenurnerkis.ContactAppUITests;
				PRODUCT_NAME = "$(TARGET_NAME)";
				SWIFT_EMIT_LOC_STRINGS = NO;
				SWIFT_VERSION = 5.0;
				TARGETED_DEVICE_FAMILY = "1,2";
				TEST_TARGET_NAME = ContactApp;
			};
			name = Release;
		};
/* End XCBuildConfiguration section */

/* Begin XCConfigurationList section */
		FD7C03912A6BEE5B00412613 /* Build configuration list for PBXProject "ContactApp" */ = {
			isa = XCConfigurationList;
			buildConfigurations = (
				FD7C03BE2A6BEE5C00412613 /* Debug */,
				FD7C03BF2A6BEE5C00412613 /* Release */,
			);
			defaultConfigurationIsVisible = 0;
			defaultConfigurationName = Release;
		};
		FD7C03C02A6BEE5C00412613 /* Build configuration list for PBXNativeTarget "ContactApp" */ = {
			isa = XCConfigurationList;
			buildConfigurations = (
				FD7C03C12A6BEE5C00412613 /* Debug */,
				FD7C03C22A6BEE5C00412613 /* Release */,
			);
			defaultConfigurationIsVisible = 0;
			defaultConfigurationName = Release;
		};
		FD7C03C32A6BEE5C00412613 /* Build configuration list for PBXNativeTarget "ContactAppTests" */ = {
			isa = XCConfigurationList;
			buildConfigurations = (
				FD7C03C42A6BEE5C00412613 /* Debug */,
				FD7C03C52A6BEE5C00412613 /* Release */,
			);
			defaultConfigurationIsVisible = 0;
			defaultConfigurationName = Release;
		};
		FD7C03C62A6BEE5C00412613 /* Build configuration list for PBXNativeTarget "ContactAppUITests" */ = {
			isa = XCConfigurationList;
			buildConfigurations = (
				FD7C03C72A6BEE5C00412613 /* Debug */,
				FD7C03C82A6BEE5C00412613 /* Release */,
			);
			defaultConfigurationIsVisible = 0;
			defaultConfigurationName = Release;
		};
/* End XCConfigurationList section */
	};
	rootObject = FD7C038E2A6BEE5B00412613 /* Project object */;
}
